// !$*UTF8*$!
{
	archiveVersion = 1;
	classes = {
	};
	objectVersion = 55;
	objects = {

/* Begin PBXBuildFile section */
		F82117422891493E00EC72D7 /* GempaData.swift in Sources */ = {isa = PBXBuildFile; fileRef = F82117412891493E00EC72D7 /* GempaData.swift */; };
		F821174428914A1700EC72D7 /* GempaViewModel.swift in Sources */ = {isa = PBXBuildFile; fileRef = F821174328914A1700EC72D7 /* GempaViewModel.swift */; };
		F821174628914C8300EC72D7 /* GempaView.swift in Sources */ = {isa = PBXBuildFile; fileRef = F821174528914C8300EC72D7 /* GempaView.swift */; };
		F8212B2C288B3FD300F0AEAA /* NewsView.swift in Sources */ = {isa = PBXBuildFile; fileRef = F8212B2B288B3FD300F0AEAA /* NewsView.swift */; };
		F83334492892A39A001C70DA /* Static.swift in Sources */ = {isa = PBXBuildFile; fileRef = F83334482892A39A001C70DA /* Static.swift */; };
		F833344B2892A8FD001C70DA /* NewsData.swift in Sources */ = {isa = PBXBuildFile; fileRef = F833344A2892A8FD001C70DA /* NewsData.swift */; };
		F833344D2892AB0E001C70DA /* NewsViewModel.swift in Sources */ = {isa = PBXBuildFile; fileRef = F833344C2892AB0E001C70DA /* NewsViewModel.swift */; };
		F83B468B288EDE0D00899BA2 /* Misc.swift in Sources */ = {isa = PBXBuildFile; fileRef = F83B468A288EDE0D00899BA2 /* Misc.swift */; };
		F83B468E288EDE6100899BA2 /* WeatherData.swift in Sources */ = {isa = PBXBuildFile; fileRef = F83B468D288EDE6100899BA2 /* WeatherData.swift */; };
		F83B4692288EE1C100899BA2 /* SDWebImageSwiftUI in Frameworks */ = {isa = PBXBuildFile; productRef = F83B4691288EE1C100899BA2 /* SDWebImageSwiftUI */; };
		F8A0F152288BF8D500993434 /* WeatherView.swift in Sources */ = {isa = PBXBuildFile; fileRef = F8A0F151288BF8D500993434 /* WeatherView.swift */; };
		F8A1EAF5288BFEA400770E1E /* WeatherViewModel.swift in Sources */ = {isa = PBXBuildFile; fileRef = F8A1EAF4288BFEA400770E1E /* WeatherViewModel.swift */; };
		F8B509AA288AD94E001610A4 /* WeatherProjectApp.swift in Sources */ = {isa = PBXBuildFile; fileRef = F8B509A9288AD94E001610A4 /* WeatherProjectApp.swift */; };
		F8B509AC288AD94E001610A4 /* ContentView.swift in Sources */ = {isa = PBXBuildFile; fileRef = F8B509AB288AD94E001610A4 /* ContentView.swift */; };
		F8B509AE288AD94F001610A4 /* Assets.xcassets in Resources */ = {isa = PBXBuildFile; fileRef = F8B509AD288AD94F001610A4 /* Assets.xcassets */; };
		F8B509B1288AD94F001610A4 /* Preview Assets.xcassets in Resources */ = {isa = PBXBuildFile; fileRef = F8B509B0288AD94F001610A4 /* Preview Assets.xcassets */; };
/* End PBXBuildFile section */

/* Begin PBXFileReference section */
		F81A50CB288B500200F75B5C /* Info.plist */ = {isa = PBXFileReference; lastKnownFileType = text.plist; path = Info.plist; sourceTree = "<group>"; };
		F82117412891493E00EC72D7 /* GempaData.swift */ = {isa = PBXFileReference; lastKnownFileType = sourcecode.swift; path = GempaData.swift; sourceTree = "<group>"; };
		F821174328914A1700EC72D7 /* GempaViewModel.swift */ = {isa = PBXFileReference; lastKnownFileType = sourcecode.swift; path = GempaViewModel.swift; sourceTree = "<group>"; };
		F821174528914C8300EC72D7 /* GempaView.swift */ = {isa = PBXFileReference; lastKnownFileType = sourcecode.swift; path = GempaView.swift; sourceTree = "<group>"; };
		F8212B2B288B3FD300F0AEAA /* NewsView.swift */ = {isa = PBXFileReference; lastKnownFileType = sourcecode.swift; path = NewsView.swift; sourceTree = "<group>"; };
		F83334482892A39A001C70DA /* Static.swift */ = {isa = PBXFileReference; lastKnownFileType = sourcecode.swift; path = Static.swift; sourceTree = "<group>"; };
		F833344A2892A8FD001C70DA /* NewsData.swift */ = {isa = PBXFileReference; lastKnownFileType = sourcecode.swift; path = NewsData.swift; sourceTree = "<group>"; };
		F833344C2892AB0E001C70DA /* NewsViewModel.swift */ = {isa = PBXFileReference; lastKnownFileType = sourcecode.swift; path = NewsViewModel.swift; sourceTree = "<group>"; };
		F83B468A288EDE0D00899BA2 /* Misc.swift */ = {isa = PBXFileReference; lastKnownFileType = sourcecode.swift; path = Misc.swift; sourceTree = "<group>"; };
		F83B468D288EDE6100899BA2 /* WeatherData.swift */ = {isa = PBXFileReference; lastKnownFileType = sourcecode.swift; path = WeatherData.swift; sourceTree = "<group>"; };
		F8A0F151288BF8D500993434 /* WeatherView.swift */ = {isa = PBXFileReference; lastKnownFileType = sourcecode.swift; path = WeatherView.swift; sourceTree = "<group>"; };
		F8A1EAF4288BFEA400770E1E /* WeatherViewModel.swift */ = {isa = PBXFileReference; lastKnownFileType = sourcecode.swift; path = WeatherViewModel.swift; sourceTree = "<group>"; };
		F8B509A6288AD94E001610A4 /* WeatherProject.app */ = {isa = PBXFileReference; explicitFileType = wrapper.application; includeInIndex = 0; path = WeatherProject.app; sourceTree = BUILT_PRODUCTS_DIR; };
		F8B509A9288AD94E001610A4 /* WeatherProjectApp.swift */ = {isa = PBXFileReference; lastKnownFileType = sourcecode.swift; path = WeatherProjectApp.swift; sourceTree = "<group>"; };
		F8B509AB288AD94E001610A4 /* ContentView.swift */ = {isa = PBXFileReference; lastKnownFileType = sourcecode.swift; path = ContentView.swift; sourceTree = "<group>"; };
		F8B509AD288AD94F001610A4 /* Assets.xcassets */ = {isa = PBXFileReference; lastKnownFileType = folder.assetcatalog; path = Assets.xcassets; sourceTree = "<group>"; };
		F8B509B0288AD94F001610A4 /* Preview Assets.xcassets */ = {isa = PBXFileReference; lastKnownFileType = folder.assetcatalog; path = "Preview Assets.xcassets"; sourceTree = "<group>"; };
/* End PBXFileReference section */

/* Begin PBXFrameworksBuildPhase section */
		F8B509A3288AD94E001610A4 /* Frameworks */ = {
			isa = PBXFrameworksBuildPhase;
			buildActionMask = 2147483647;
			files = (
				F83B4692288EE1C100899BA2 /* SDWebImageSwiftUI in Frameworks */,
			);
			runOnlyForDeploymentPostprocessing = 0;
		};
/* End PBXFrameworksBuildPhase section */

/* Begin PBXGroup section */
		F8212B33288B443B00F0AEAA /* View */ = {
			isa = PBXGroup;
			children = (
				F8212B2B288B3FD300F0AEAA /* NewsView.swift */,
				F821174528914C8300EC72D7 /* GempaView.swift */,
				F8A0F151288BF8D500993434 /* WeatherView.swift */,
			);
			path = View;
			sourceTree = "<group>";
		};
		F83B468C288EDE2700899BA2 /* Misc */ = {
			isa = PBXGroup;
			children = (
				F83B468A288EDE0D00899BA2 /* Misc.swift */,
				F83334482892A39A001C70DA /* Static.swift */,
			);
			path = Misc;
			sourceTree = "<group>";
		};
		F83B468F288EDE6A00899BA2 /* DataModel */ = {
			isa = PBXGroup;
			children = (
				F833344A2892A8FD001C70DA /* NewsData.swift */,
				F83B468D288EDE6100899BA2 /* WeatherData.swift */,
				F82117412891493E00EC72D7 /* GempaData.swift */,
			);
			path = DataModel;
			sourceTree = "<group>";
		};
		F8A1EAF6288BFEAC00770E1E /* View Model */ = {
			isa = PBXGroup;
			children = (
				F8A1EAF4288BFEA400770E1E /* WeatherViewModel.swift */,
				F821174328914A1700EC72D7 /* GempaViewModel.swift */,
				F833344C2892AB0E001C70DA /* NewsViewModel.swift */,
			);
			path = "View Model";
			sourceTree = "<group>";
		};
		F8B5099D288AD94E001610A4 = {
			isa = PBXGroup;
			children = (
				F8B509A8288AD94E001610A4 /* WeatherProject */,
				F8B509A7288AD94E001610A4 /* Products */,
			);
			sourceTree = "<group>";
		};
		F8B509A7288AD94E001610A4 /* Products */ = {
			isa = PBXGroup;
			children = (
				F8B509A6288AD94E001610A4 /* WeatherProject.app */,
			);
			name = Products;
			sourceTree = "<group>";
		};
		F8B509A8288AD94E001610A4 /* WeatherProject */ = {
			isa = PBXGroup;
			children = (
				F8B509A9288AD94E001610A4 /* WeatherProjectApp.swift */,
				F8B509AB288AD94E001610A4 /* ContentView.swift */,
				F81A50CB288B500200F75B5C /* Info.plist */,
				F8212B33288B443B00F0AEAA /* View */,
				F8A1EAF6288BFEAC00770E1E /* View Model */,
				F83B468F288EDE6A00899BA2 /* DataModel */,
				F83B468C288EDE2700899BA2 /* Misc */,
				F8B509AD288AD94F001610A4 /* Assets.xcassets */,
				F8B509AF288AD94F001610A4 /* Preview Content */,
			);
			path = WeatherProject;
			sourceTree = "<group>";
		};
		F8B509AF288AD94F001610A4 /* Preview Content */ = {
			isa = PBXGroup;
			children = (
				F8B509B0288AD94F001610A4 /* Preview Assets.xcassets */,
			);
			path = "Preview Content";
			sourceTree = "<group>";
		};
/* End PBXGroup section */

/* Begin PBXNativeTarget section */
		F8B509A5288AD94E001610A4 /* WeatherProject */ = {
			isa = PBXNativeTarget;
			buildConfigurationList = F8B509B4288AD94F001610A4 /* Build configuration list for PBXNativeTarget "WeatherProject" */;
			buildPhases = (
				F8B509A2288AD94E001610A4 /* Sources */,
				F8B509A3288AD94E001610A4 /* Frameworks */,
				F8B509A4288AD94E001610A4 /* Resources */,
			);
			buildRules = (
			);
			dependencies = (
			);
			name = WeatherProject;
			packageProductDependencies = (
				F83B4691288EE1C100899BA2 /* SDWebImageSwiftUI */,
			);
			productName = WeatherProject;
			productReference = F8B509A6288AD94E001610A4 /* WeatherProject.app */;
			productType = "com.apple.product-type.application";
		};
/* End PBXNativeTarget section */

/* Begin PBXProject section */
		F8B5099E288AD94E001610A4 /* Project object */ = {
			isa = PBXProject;
			attributes = {
				BuildIndependentTargetsInParallel = 1;
				LastSwiftUpdateCheck = 1340;
				LastUpgradeCheck = 1340;
				TargetAttributes = {
					F8B509A5288AD94E001610A4 = {
						CreatedOnToolsVersion = 13.4.1;
					};
				};
			};
			buildConfigurationList = F8B509A1288AD94E001610A4 /* Build configuration list for PBXProject "WeatherProject" */;
			compatibilityVersion = "Xcode 13.0";
			developmentRegion = en;
			hasScannedForEncodings = 0;
			knownRegions = (
				en,
				Base,
			);
			mainGroup = F8B5099D288AD94E001610A4;
			packageReferences = (
				F83B4690288EE1C100899BA2 /* XCRemoteSwiftPackageReference "SDWebImageSwiftUI" */,
			);
			productRefGroup = F8B509A7288AD94E001610A4 /* Products */;
			projectDirPath = "";
			projectRoot = "";
			targets = (
				F8B509A5288AD94E001610A4 /* WeatherProject */,
			);
		};
/* End PBXProject section */

/* Begin PBXResourcesBuildPhase section */
		F8B509A4288AD94E001610A4 /* Resources */ = {
			isa = PBXResourcesBuildPhase;
			buildActionMask = 2147483647;
			files = (
				F8B509B1288AD94F001610A4 /* Preview Assets.xcassets in Resources */,
				F8B509AE288AD94F001610A4 /* Assets.xcassets in Resources */,
			);
			runOnlyForDeploymentPostprocessing = 0;
		};
/* End PBXResourcesBuildPhase section */

/* Begin PBXSourcesBuildPhase section */
		F8B509A2288AD94E001610A4 /* Sources */ = {
			isa = PBXSourcesBuildPhase;
			buildActionMask = 2147483647;
			files = (
				F8B509AC288AD94E001610A4 /* ContentView.swift in Sources */,
				F821174628914C8300EC72D7 /* GempaView.swift in Sources */,
				F83334492892A39A001C70DA /* Static.swift in Sources */,
				F8A1EAF5288BFEA400770E1E /* WeatherViewModel.swift in Sources */,
				F83B468B288EDE0D00899BA2 /* Misc.swift in Sources */,
				F8B509AA288AD94E001610A4 /* WeatherProjectApp.swift in Sources */,
				F821174428914A1700EC72D7 /* GempaViewModel.swift in Sources */,
				F8212B2C288B3FD300F0AEAA /* NewsView.swift in Sources */,
				F833344B2892A8FD001C70DA /* NewsData.swift in Sources */,
				F83B468E288EDE6100899BA2 /* WeatherData.swift in Sources */,
				F833344D2892AB0E001C70DA /* NewsViewModel.swift in Sources */,
				F8A0F152288BF8D500993434 /* WeatherView.swift in Sources */,
				F82117422891493E00EC72D7 /* GempaData.swift in Sources */,
			);
			runOnlyForDeploymentPostprocessing = 0;
		};
/* End PBXSourcesBuildPhase section */

/* Begin XCBuildConfiguration section */
		F8B509B2288AD94F001610A4 /* Debug */ = {
			isa = XCBuildConfiguration;
			buildSettings = {
				ALWAYS_SEARCH_USER_PATHS = NO;
				CLANG_ANALYZER_NONNULL = YES;
				CLANG_ANALYZER_NUMBER_OBJECT_CONVERSION = YES_AGGRESSIVE;
				CLANG_CXX_LANGUAGE_STANDARD = "gnu++17";
				CLANG_ENABLE_MODULES = YES;
				CLANG_ENABLE_OBJC_ARC = YES;
				CLANG_ENABLE_OBJC_WEAK = YES;
				CLANG_WARN_BLOCK_CAPTURE_AUTORELEASING = YES;
				CLANG_WARN_BOOL_CONVERSION = YES;
				CLANG_WARN_COMMA = YES;
				CLANG_WARN_CONSTANT_CONVERSION = YES;
				CLANG_WARN_DEPRECATED_OBJC_IMPLEMENTATIONS = YES;
				CLANG_WARN_DIRECT_OBJC_ISA_USAGE = YES_ERROR;
				CLANG_WARN_DOCUMENTATION_COMMENTS = YES;
				CLANG_WARN_EMPTY_BODY = YES;
				CLANG_WARN_ENUM_CONVERSION = YES;
				CLANG_WARN_INFINITE_RECURSION = YES;
				CLANG_WARN_INT_CONVERSION = YES;
				CLANG_WARN_NON_LITERAL_NULL_CONVERSION = YES;
				CLANG_WARN_OBJC_IMPLICIT_RETAIN_SELF = YES;
				CLANG_WARN_OBJC_LITERAL_CONVERSION = YES;
				CLANG_WARN_OBJC_ROOT_CLASS = YES_ERROR;
				CLANG_WARN_QUOTED_INCLUDE_IN_FRAMEWORK_HEADER = YES;
				CLANG_WARN_RANGE_LOOP_ANALYSIS = YES;
				CLANG_WARN_STRICT_PROTOTYPES = YES;
				CLANG_WARN_SUSPICIOUS_MOVE = YES;
				CLANG_WARN_UNGUARDED_AVAILABILITY = YES_AGGRESSIVE;
				CLANG_WARN_UNREACHABLE_CODE = YES;
				CLANG_WARN__DUPLICATE_METHOD_MATCH = YES;
				COPY_PHASE_STRIP = NO;
				DEBUG_INFORMATION_FORMAT = dwarf;
				ENABLE_STRICT_OBJC_MSGSEND = YES;
				ENABLE_TESTABILITY = YES;
				GCC_C_LANGUAGE_STANDARD = gnu11;
				GCC_DYNAMIC_NO_PIC = NO;
				GCC_NO_COMMON_BLOCKS = YES;
				GCC_OPTIMIZATION_LEVEL = 0;
				GCC_PREPROCESSOR_DEFINITIONS = (
					"DEBUG=1",
					"$(inherited)",
				);
				GCC_WARN_64_TO_32_BIT_CONVERSION = YES;
				GCC_WARN_ABOUT_RETURN_TYPE = YES_ERROR;
				GCC_WARN_UNDECLARED_SELECTOR = YES;
				GCC_WARN_UNINITIALIZED_AUTOS = YES_AGGRESSIVE;
				GCC_WARN_UNUSED_FUNCTION = YES;
				GCC_WARN_UNUSED_VARIABLE = YES;
				IPHONEOS_DEPLOYMENT_TARGET = 15.5;
				MTL_ENABLE_DEBUG_INFO = INCLUDE_SOURCE;
				MTL_FAST_MATH = YES;
				ONLY_ACTIVE_ARCH = YES;
				SDKROOT = iphoneos;
				SWIFT_ACTIVE_COMPILATION_CONDITIONS = DEBUG;
				SWIFT_OPTIMIZATION_LEVEL = "-Onone";
			};
			name = Debug;
		};
		F8B509B3288AD94F001610A4 /* Release */ = {
			isa = XCBuildConfiguration;
			buildSettings = {
				ALWAYS_SEARCH_USER_PATHS = NO;
				CLANG_ANALYZER_NONNULL = YES;
				CLANG_ANALYZER_NUMBER_OBJECT_CONVERSION = YES_AGGRESSIVE;
				CLANG_CXX_LANGUAGE_STANDARD = "gnu++17";
				CLANG_ENABLE_MODULES = YES;
				CLANG_ENABLE_OBJC_ARC = YES;
				CLANG_ENABLE_OBJC_WEAK = YES;
				CLANG_WARN_BLOCK_CAPTURE_AUTORELEASING = YES;
				CLANG_WARN_BOOL_CONVERSION = YES;
				CLANG_WARN_COMMA = YES;
				CLANG_WARN_CONSTANT_CONVERSION = YES;
				CLANG_WARN_DEPRECATED_OBJC_IMPLEMENTATIONS = YES;
				CLANG_WARN_DIRECT_OBJC_ISA_USAGE = YES_ERROR;
				CLANG_WARN_DOCUMENTATION_COMMENTS = YES;
				CLANG_WARN_EMPTY_BODY = YES;
				CLANG_WARN_ENUM_CONVERSION = YES;
				CLANG_WARN_INFINITE_RECURSION = YES;
				CLANG_WARN_INT_CONVERSION = YES;
				CLANG_WARN_NON_LITERAL_NULL_CONVERSION = YES;
				CLANG_WARN_OBJC_IMPLICIT_RETAIN_SELF = YES;
				CLANG_WARN_OBJC_LITERAL_CONVERSION = YES;
				CLANG_WARN_OBJC_ROOT_CLASS = YES_ERROR;
				CLANG_WARN_QUOTED_INCLUDE_IN_FRAMEWORK_HEADER = YES;
				CLANG_WARN_RANGE_LOOP_ANALYSIS = YES;
				CLANG_WARN_STRICT_PROTOTYPES = YES;
				CLANG_WARN_SUSPICIOUS_MOVE = YES;
				CLANG_WARN_UNGUARDED_AVAILABILITY = YES_AGGRESSIVE;
				CLANG_WARN_UNREACHABLE_CODE = YES;
				CLANG_WARN__DUPLICATE_METHOD_MATCH = YES;
				COPY_PHASE_STRIP = NO;
				DEBUG_INFORMATION_FORMAT = "dwarf-with-dsym";
				ENABLE_NS_ASSERTIONS = NO;
				ENABLE_STRICT_OBJC_MSGSEND = YES;
				GCC_C_LANGUAGE_STANDARD = gnu11;
				GCC_NO_COMMON_BLOCKS = YES;
				GCC_WARN_64_TO_32_BIT_CONVERSION = YES;
				GCC_WARN_ABOUT_RETURN_TYPE = YES_ERROR;
				GCC_WARN_UNDECLARED_SELECTOR = YES;
				GCC_WARN_UNINITIALIZED_AUTOS = YES_AGGRESSIVE;
				GCC_WARN_UNUSED_FUNCTION = YES;
				GCC_WARN_UNUSED_VARIABLE = YES;
				IPHONEOS_DEPLOYMENT_TARGET = 15.5;
				MTL_ENABLE_DEBUG_INFO = NO;
				MTL_FAST_MATH = YES;
				SDKROOT = iphoneos;
				SWIFT_COMPILATION_MODE = wholemodule;
				SWIFT_OPTIMIZATION_LEVEL = "-O";
				VALIDATE_PRODUCT = YES;
			};
			name = Release;
		};
		F8B509B5288AD94F001610A4 /* Debug */ = {
			isa = XCBuildConfiguration;
			buildSettings = {
				ASSETCATALOG_COMPILER_APPICON_NAME = AppIcon;
				ASSETCATALOG_COMPILER_GLOBAL_ACCENT_COLOR_NAME = AccentColor;
				CODE_SIGN_STYLE = Automatic;
				CURRENT_PROJECT_VERSION = 1;
				DEVELOPMENT_ASSET_PATHS = "\"WeatherProject/Preview Content\"";
				DEVELOPMENT_TEAM = C48T274BQ3;
				ENABLE_PREVIEWS = YES;
				GENERATE_INFOPLIST_FILE = YES;
				INFOPLIST_FILE = WeatherProject/Info.plist;
				INFOPLIST_KEY_NSLocationAlwaysAndWhenInUseUsageDescription = "App Required Your Location";
				INFOPLIST_KEY_NSLocationWhenInUseUsageDescription = "App Require Your Location";
				INFOPLIST_KEY_UIApplicationSceneManifest_Generation = YES;
				INFOPLIST_KEY_UIApplicationSupportsIndirectInputEvents = YES;
				INFOPLIST_KEY_UILaunchScreen_Generation = YES;
				INFOPLIST_KEY_UISupportedInterfaceOrientations_iPad = "UIInterfaceOrientationPortrait UIInterfaceOrientationPortraitUpsideDown UIInterfaceOrientationLandscapeLeft UIInterfaceOrientationLandscapeRight";
				INFOPLIST_KEY_UISupportedInterfaceOrientations_iPhone = "UIInterfaceOrientationPortrait UIInterfaceOrientationLandscapeLeft UIInterfaceOrientationLandscapeRight";
				LD_RUNPATH_SEARCH_PATHS = (
					"$(inherited)",
					"@executable_path/Frameworks",
				);
				MARKETING_VERSION = 1.0;
				PRODUCT_BUNDLE_IDENTIFIER = cup.WeatherProject;
				PRODUCT_NAME = "$(TARGET_NAME)";
				SWIFT_EMIT_LOC_STRINGS = YES;
				SWIFT_VERSION = 5.0;
				TARGETED_DEVICE_FAMILY = "1,2";
			};
			name = Debug;
		};
		F8B509B6288AD94F001610A4 /* Release */ = {
			isa = XCBuildConfiguration;
			buildSettings = {
				ASSETCATALOG_COMPILER_APPICON_NAME = AppIcon;
				ASSETCATALOG_COMPILER_GLOBAL_ACCENT_COLOR_NAME = AccentColor;
				CODE_SIGN_STYLE = Automatic;
				CURRENT_PROJECT_VERSION = 1;
				DEVELOPMENT_ASSET_PATHS = "\"WeatherProject/Preview Content\"";
				DEVELOPMENT_TEAM = C48T274BQ3;
				ENABLE_PREVIEWS = YES;
				GENERATE_INFOPLIST_FILE = YES;
				INFOPLIST_FILE = WeatherProject/Info.plist;
				INFOPLIST_KEY_NSLocationAlwaysAndWhenInUseUsageDescription = "App Required Your Location";
				INFOPLIST_KEY_NSLocationWhenInUseUsageDescription = "App Require Your Location";
				INFOPLIST_KEY_UIApplicationSceneManifest_Generation = YES;
				INFOPLIST_KEY_UIApplicationSupportsIndirectInputEvents = YES;
				INFOPLIST_KEY_UILaunchScreen_Generation = YES;
				INFOPLIST_KEY_UISupportedInterfaceOrientations_iPad = "UIInterfaceOrientationPortrait UIInterfaceOrientationPortraitUpsideDown UIInterfaceOrientationLandscapeLeft UIInterfaceOrientationLandscapeRight";
				INFOPLIST_KEY_UISupportedInterfaceOrientations_iPhone = "UIInterfaceOrientationPortrait UIInterfaceOrientationLandscapeLeft UIInterfaceOrientationLandscapeRight";
				LD_RUNPATH_SEARCH_PATHS = (
					"$(inherited)",
					"@executable_path/Frameworks",
				);
				MARKETING_VERSION = 1.0;
				PRODUCT_BUNDLE_IDENTIFIER = cup.WeatherProject;
				PRODUCT_NAME = "$(TARGET_NAME)";
				SWIFT_EMIT_LOC_STRINGS = YES;
				SWIFT_VERSION = 5.0;
				TARGETED_DEVICE_FAMILY = "1,2";
			};
			name = Release;
		};
/* End XCBuildConfiguration section */

/* Begin XCConfigurationList section */
		F8B509A1288AD94E001610A4 /* Build configuration list for PBXProject "WeatherProject" */ = {
			isa = XCConfigurationList;
			buildConfigurations = (
				F8B509B2288AD94F001610A4 /* Debug */,
				F8B509B3288AD94F001610A4 /* Release */,
			);
			defaultConfigurationIsVisible = 0;
			defaultConfigurationName = Release;
		};
		F8B509B4288AD94F001610A4 /* Build configuration list for PBXNativeTarget "WeatherProject" */ = {
			isa = XCConfigurationList;
			buildConfigurations = (
				F8B509B5288AD94F001610A4 /* Debug */,
				F8B509B6288AD94F001610A4 /* Release */,
			);
			defaultConfigurationIsVisible = 0;
			defaultConfigurationName = Release;
		};
/* End XCConfigurationList section */

/* Begin XCRemoteSwiftPackageReference section */
		F83B4690288EE1C100899BA2 /* XCRemoteSwiftPackageReference "SDWebImageSwiftUI" */ = {
			isa = XCRemoteSwiftPackageReference;
			repositoryURL = "https://github.com/SDWebImage/SDWebImageSwiftUI.git";
			requirement = {
				kind = upToNextMajorVersion;
				minimumVersion = 2.0.0;
			};
		};
/* End XCRemoteSwiftPackageReference section */

/* Begin XCSwiftPackageProductDependency section */
		F83B4691288EE1C100899BA2 /* SDWebImageSwiftUI */ = {
			isa = XCSwiftPackageProductDependency;
			package = F83B4690288EE1C100899BA2 /* XCRemoteSwiftPackageReference "SDWebImageSwiftUI" */;
			productName = SDWebImageSwiftUI;
		};
/* End XCSwiftPackageProductDependency section */
	};
	rootObject = F8B5099E288AD94E001610A4 /* Project object */;
}
